
Microsoft Visual Studio Solution File, Format Version 12.00
# Visual Studio Version 17
VisualStudioVersion = 17.5.33502.453
MinimumVisualStudioVersion = 10.0.40219.1
Project("{9A19103F-16F7-4668-BE54-9A1E7A4F7556}") = "ViewsPartialsViewsMVVM", "ViewsPartialsViewsMVVM\ViewsPartialsViewsMVVM.csproj", "{E46D074A-66A4-48DB-88A7-38E17B65C9BE}"
EndProject
Global
	GlobalSection(SolutionConfigurationPlatforms) = preSolution
		Debug|Any CPU = Debug|Any CPU
		Release|Any CPU = Release|Any CPU
	EndGlobalSection
	GlobalSection(ProjectConfigurationPlatforms) = postSolution
		{E46D074A-66A4-48DB-88A7-38E17B65C9BE}.Debug|Any CPU.ActiveCfg = Debug|Any CPU
		{E46D074A-66A4-48DB-88A7-38E17B65C9BE}.Debug|Any CPU.Build.0 = Debug|Any CPU
		{E46D074A-66A4-48DB-88A7-38E17B65C9BE}.Release|Any CPU.ActiveCfg = Release|Any CPU
		{E46D074A-66A4-48DB-88A7-38E17B65C9BE}.Release|Any CPU.Build.0 = Release|Any CPU
	EndGlobalSection
	GlobalSection(SolutionProperties) = preSolution
		HideSolutionNode = FALSE
	EndGlobalSection
	GlobalSection(ExtensibilityGlobals) = postSolution
		SolutionGuid = {1029E8B0-1D29-466A-839B-A2D0C4BF4898}
	EndGlobalSection
EndGlobal
